// !$*UTF8*$!
{
	archiveVersion = 1;
	classes = {
	};
	objectVersion = 55;
	objects = {

/* Begin PBXBuildFile section */
		34203BAF2888001100BD97A8 /* CoursesTableViewCell.swift in Sources */ = {isa = PBXBuildFile; fileRef = 34203BAE2888001100BD97A8 /* CoursesTableViewCell.swift */; };
		34203BB128880CEF00BD97A8 /* CoursesViewController.swift in Sources */ = {isa = PBXBuildFile; fileRef = 34203BB028880CEF00BD97A8 /* CoursesViewController.swift */; };
		34203BB328880F5900BD97A8 /* Section.swift in Sources */ = {isa = PBXBuildFile; fileRef = 34203BB228880F5900BD97A8 /* Section.swift */; };
		34203BB528883CF200BD97A8 /* SectionTableViewCell.swift in Sources */ = {isa = PBXBuildFile; fileRef = 34203BB428883CF200BD97A8 /* SectionTableViewCell.swift */; };
		344BB045288A7F1800DF88FD /* FirebaseAuth in Frameworks */ = {isa = PBXBuildFile; productRef = 344BB044288A7F1800DF88FD /* FirebaseAuth */; };
		344BB047288A7F1800DF88FD /* FirebaseFirestore in Frameworks */ = {isa = PBXBuildFile; productRef = 344BB046288A7F1800DF88FD /* FirebaseFirestore */; };
		344BB049288A7F8500DF88FD /* GoogleService-Info.plist in Resources */ = {isa = PBXBuildFile; fileRef = 344BB048288A7F8400DF88FD /* GoogleService-Info.plist */; };
		344BB04B288A881A00DF88FD /* LoginViewController.swift in Sources */ = {isa = PBXBuildFile; fileRef = 344BB04A288A881A00DF88FD /* LoginViewController.swift */; };
		344BB04D288AA47300DF88FD /* LibraryViewController.swift in Sources */ = {isa = PBXBuildFile; fileRef = 344BB04C288AA47300DF88FD /* LibraryViewController.swift */; };
		344BB04F288AA48200DF88FD /* NotificationsViewController.swift in Sources */ = {isa = PBXBuildFile; fileRef = 344BB04E288AA48200DF88FD /* NotificationsViewController.swift */; };
		344BB056288ABF0600DF88FD /* CertificateItem.swift in Sources */ = {isa = PBXBuildFile; fileRef = 344BB053288ABF0600DF88FD /* CertificateItem.swift */; };
		344BB057288ABF0600DF88FD /* FlipView.swift in Sources */ = {isa = PBXBuildFile; fileRef = 344BB054288ABF0600DF88FD /* FlipView.swift */; };
		344BB058288ABF0600DF88FD /* CertificateView.swift in Sources */ = {isa = PBXBuildFile; fileRef = 344BB055288ABF0600DF88FD /* CertificateView.swift */; };
		3490406128858EC30006AB74 /* AppDelegate.swift in Sources */ = {isa = PBXBuildFile; fileRef = 3490406028858EC30006AB74 /* AppDelegate.swift */; };
		3490406328858EC30006AB74 /* SceneDelegate.swift in Sources */ = {isa = PBXBuildFile; fileRef = 3490406228858EC30006AB74 /* SceneDelegate.swift */; };
		3490406528858EC30006AB74 /* FeatureViewController.swift in Sources */ = {isa = PBXBuildFile; fileRef = 3490406428858EC30006AB74 /* FeatureViewController.swift */; };
		3490406828858EC30006AB74 /* Main.storyboard in Resources */ = {isa = PBXBuildFile; fileRef = 3490406628858EC30006AB74 /* Main.storyboard */; };
		3490406A28858EC60006AB74 /* Assets.xcassets in Resources */ = {isa = PBXBuildFile; fileRef = 3490406928858EC60006AB74 /* Assets.xcassets */; };
		3490406D28858EC60006AB74 /* LaunchScreen.storyboard in Resources */ = {isa = PBXBuildFile; fileRef = 3490406B28858EC60006AB74 /* LaunchScreen.storyboard */; };
		3490407928869ABA0006AB74 /* CustomBlurView.swift in Sources */ = {isa = PBXBuildFile; fileRef = 3490407528869ABA0006AB74 /* CustomBlurView.swift */; };
		3490407A28869ABA0006AB74 /* CustomUIView.swift in Sources */ = {isa = PBXBuildFile; fileRef = 3490407628869ABA0006AB74 /* CustomUIView.swift */; };
		3490407B28869ABA0006AB74 /* Font.swift in Sources */ = {isa = PBXBuildFile; fileRef = 3490407728869ABA0006AB74 /* Font.swift */; };
		3490407C28869ABA0006AB74 /* CustomImageView.swift in Sources */ = {isa = PBXBuildFile; fileRef = 3490407828869ABA0006AB74 /* CustomImageView.swift */; };
		3490407E2886E52E0006AB74 /* HandbookCollectionViewCell.swift in Sources */ = {isa = PBXBuildFile; fileRef = 3490407D2886E52E0006AB74 /* HandbookCollectionViewCell.swift */; };
		34B7C67B288AC73D009CADFB /* NotificationTableViewCell.swift in Sources */ = {isa = PBXBuildFile; fileRef = 34B7C67A288AC73D009CADFB /* NotificationTableViewCell.swift */; };
		34B7C67D288AC9FB009CADFB /* Notification.swift in Sources */ = {isa = PBXBuildFile; fileRef = 34B7C67C288AC9FB009CADFB /* Notification.swift */; };
		34B7C680288AD7AB009CADFB /* FirebaseFirestoreSwift in Frameworks */ = {isa = PBXBuildFile; productRef = 34B7C67F288AD7AB009CADFB /* FirebaseFirestoreSwift */; };
		34EDBDE528893A20005C6F1A /* CustomTabBarViewController.swift in Sources */ = {isa = PBXBuildFile; fileRef = 34EDBDE428893A20005C6F1A /* CustomTabBarViewController.swift */; };
		34EDBDE728894839005C6F1A /* SectionsCollectionViewCell.swift in Sources */ = {isa = PBXBuildFile; fileRef = 34EDBDE628894839005C6F1A /* SectionsCollectionViewCell.swift */; };
		34EDBDE928894949005C6F1A /* ExploreViewController.swift in Sources */ = {isa = PBXBuildFile; fileRef = 34EDBDE828894949005C6F1A /* ExploreViewController.swift */; };
		34EDBDEB288954D1005C6F1A /* TopicTableViewCell.swift in Sources */ = {isa = PBXBuildFile; fileRef = 34EDBDEA288954D1005C6F1A /* TopicTableViewCell.swift */; };
		34EDBDED28895592005C6F1A /* Topics.swift in Sources */ = {isa = PBXBuildFile; fileRef = 34EDBDEC28895592005C6F1A /* Topics.swift */; };
		34EE05F72887E0AB007B265E /* Course.swift in Sources */ = {isa = PBXBuildFile; fileRef = 34EE05F62887E0AB007B265E /* Course.swift */; };
/* End PBXBuildFile section */

/* Begin PBXFileReference section */
		34203BAE2888001100BD97A8 /* CoursesTableViewCell.swift */ = {isa = PBXFileReference; lastKnownFileType = sourcecode.swift; path = CoursesTableViewCell.swift; sourceTree = "<group>"; };
		34203BB028880CEF00BD97A8 /* CoursesViewController.swift */ = {isa = PBXFileReference; lastKnownFileType = sourcecode.swift; path = CoursesViewController.swift; sourceTree = "<group>"; };
		34203BB228880F5900BD97A8 /* Section.swift */ = {isa = PBXFileReference; lastKnownFileType = sourcecode.swift; path = Section.swift; sourceTree = "<group>"; };
		34203BB428883CF200BD97A8 /* SectionTableViewCell.swift */ = {isa = PBXFileReference; lastKnownFileType = sourcecode.swift; path = SectionTableViewCell.swift; sourceTree = "<group>"; };
		344BB048288A7F8400DF88FD /* GoogleService-Info.plist */ = {isa = PBXFileReference; fileEncoding = 4; lastKnownFileType = text.plist.xml; path = "GoogleService-Info.plist"; sourceTree = "<group>"; };
		344BB04A288A881A00DF88FD /* LoginViewController.swift */ = {isa = PBXFileReference; lastKnownFileType = sourcecode.swift; path = LoginViewController.swift; sourceTree = "<group>"; };
		344BB04C288AA47300DF88FD /* LibraryViewController.swift */ = {isa = PBXFileReference; lastKnownFileType = sourcecode.swift; path = LibraryViewController.swift; sourceTree = "<group>"; };
		344BB04E288AA48200DF88FD /* NotificationsViewController.swift */ = {isa = PBXFileReference; lastKnownFileType = sourcecode.swift; path = NotificationsViewController.swift; sourceTree = "<group>"; };
		344BB053288ABF0600DF88FD /* CertificateItem.swift */ = {isa = PBXFileReference; fileEncoding = 4; lastKnownFileType = sourcecode.swift; path = CertificateItem.swift; sourceTree = "<group>"; };
		344BB054288ABF0600DF88FD /* FlipView.swift */ = {isa = PBXFileReference; fileEncoding = 4; lastKnownFileType = sourcecode.swift; path = FlipView.swift; sourceTree = "<group>"; };
		344BB055288ABF0600DF88FD /* CertificateView.swift */ = {isa = PBXFileReference; fileEncoding = 4; lastKnownFileType = sourcecode.swift; path = CertificateView.swift; sourceTree = "<group>"; };
		3490405D28858EC30006AB74 /* UIKitForDesignCode.app */ = {isa = PBXFileReference; explicitFileType = wrapper.application; includeInIndex = 0; path = UIKitForDesignCode.app; sourceTree = BUILT_PRODUCTS_DIR; };
		3490406028858EC30006AB74 /* AppDelegate.swift */ = {isa = PBXFileReference; lastKnownFileType = sourcecode.swift; path = AppDelegate.swift; sourceTree = "<group>"; };
		3490406228858EC30006AB74 /* SceneDelegate.swift */ = {isa = PBXFileReference; lastKnownFileType = sourcecode.swift; path = SceneDelegate.swift; sourceTree = "<group>"; };
		3490406428858EC30006AB74 /* FeatureViewController.swift */ = {isa = PBXFileReference; lastKnownFileType = sourcecode.swift; path = FeatureViewController.swift; sourceTree = "<group>"; };
		3490406728858EC30006AB74 /* Base */ = {isa = PBXFileReference; lastKnownFileType = file.storyboard; name = Base; path = Base.lproj/Main.storyboard; sourceTree = "<group>"; };
		3490406928858EC60006AB74 /* Assets.xcassets */ = {isa = PBXFileReference; lastKnownFileType = folder.assetcatalog; path = Assets.xcassets; sourceTree = "<group>"; };
		3490406C28858EC60006AB74 /* Base */ = {isa = PBXFileReference; lastKnownFileType = file.storyboard; name = Base; path = Base.lproj/LaunchScreen.storyboard; sourceTree = "<group>"; };
		3490406E28858EC60006AB74 /* Info.plist */ = {isa = PBXFileReference; lastKnownFileType = text.plist.xml; path = Info.plist; sourceTree = "<group>"; };
		3490407528869ABA0006AB74 /* CustomBlurView.swift */ = {isa = PBXFileReference; fileEncoding = 4; lastKnownFileType = sourcecode.swift; path = CustomBlurView.swift; sourceTree = "<group>"; };
		3490407628869ABA0006AB74 /* CustomUIView.swift */ = {isa = PBXFileReference; fileEncoding = 4; lastKnownFileType = sourcecode.swift; path = CustomUIView.swift; sourceTree = "<group>"; };
		3490407728869ABA0006AB74 /* Font.swift */ = {isa = PBXFileReference; fileEncoding = 4; lastKnownFileType = sourcecode.swift; path = Font.swift; sourceTree = "<group>"; };
		3490407828869ABA0006AB74 /* CustomImageView.swift */ = {isa = PBXFileReference; fileEncoding = 4; lastKnownFileType = sourcecode.swift; path = CustomImageView.swift; sourceTree = "<group>"; };
		3490407D2886E52E0006AB74 /* HandbookCollectionViewCell.swift */ = {isa = PBXFileReference; lastKnownFileType = sourcecode.swift; path = HandbookCollectionViewCell.swift; sourceTree = "<group>"; };
		34B7C67A288AC73D009CADFB /* NotificationTableViewCell.swift */ = {isa = PBXFileReference; lastKnownFileType = sourcecode.swift; path = NotificationTableViewCell.swift; sourceTree = "<group>"; };
		34B7C67C288AC9FB009CADFB /* Notification.swift */ = {isa = PBXFileReference; lastKnownFileType = sourcecode.swift; path = Notification.swift; sourceTree = "<group>"; };
		34EDBDE428893A20005C6F1A /* CustomTabBarViewController.swift */ = {isa = PBXFileReference; lastKnownFileType = sourcecode.swift; path = CustomTabBarViewController.swift; sourceTree = "<group>"; };
		34EDBDE628894839005C6F1A /* SectionsCollectionViewCell.swift */ = {isa = PBXFileReference; lastKnownFileType = sourcecode.swift; path = SectionsCollectionViewCell.swift; sourceTree = "<group>"; };
		34EDBDE828894949005C6F1A /* ExploreViewController.swift */ = {isa = PBXFileReference; lastKnownFileType = sourcecode.swift; path = ExploreViewController.swift; sourceTree = "<group>"; };
		34EDBDEA288954D1005C6F1A /* TopicTableViewCell.swift */ = {isa = PBXFileReference; lastKnownFileType = sourcecode.swift; path = TopicTableViewCell.swift; sourceTree = "<group>"; };
		34EDBDEC28895592005C6F1A /* Topics.swift */ = {isa = PBXFileReference; lastKnownFileType = sourcecode.swift; path = Topics.swift; sourceTree = "<group>"; };
		34EE05F62887E0AB007B265E /* Course.swift */ = {isa = PBXFileReference; lastKnownFileType = sourcecode.swift; path = Course.swift; sourceTree = "<group>"; };
/* End PBXFileReference section */

/* Begin PBXFrameworksBuildPhase section */
		3490405A28858EC30006AB74 /* Frameworks */ = {
			isa = PBXFrameworksBuildPhase;
			buildActionMask = 2147483647;
			files = (
				344BB045288A7F1800DF88FD /* FirebaseAuth in Frameworks */,
				344BB047288A7F1800DF88FD /* FirebaseFirestore in Frameworks */,
				34B7C680288AD7AB009CADFB /* FirebaseFirestoreSwift in Frameworks */,
			);
			runOnlyForDeploymentPostprocessing = 0;
		};
/* End PBXFrameworksBuildPhase section */

/* Begin PBXGroup section */
		344BB050288ABCC600DF88FD /* Views */ = {
			isa = PBXGroup;
			children = (
				344BB053288ABF0600DF88FD /* CertificateItem.swift */,
				344BB055288ABF0600DF88FD /* CertificateView.swift */,
				344BB054288ABF0600DF88FD /* FlipView.swift */,
			);
			path = Views;
			sourceTree = "<group>";
		};
		3490405428858EC30006AB74 = {
			isa = PBXGroup;
			children = (
				3490405F28858EC30006AB74 /* UIKitForDesignCode */,
				3490405E28858EC30006AB74 /* Products */,
				34B7C67E288AD7AB009CADFB /* Frameworks */,
			);
			sourceTree = "<group>";
		};
		3490405E28858EC30006AB74 /* Products */ = {
			isa = PBXGroup;
			children = (
				3490405D28858EC30006AB74 /* UIKitForDesignCode.app */,
			);
			name = Products;
			sourceTree = "<group>";
		};
		3490405F28858EC30006AB74 /* UIKitForDesignCode */ = {
			isa = PBXGroup;
			children = (
				3490406028858EC30006AB74 /* AppDelegate.swift */,
				3490406228858EC30006AB74 /* SceneDelegate.swift */,
				344BB050288ABCC600DF88FD /* Views */,
				349F5F392887E4A300EF902E /* Cells */,
				349F5F382887E49B00EF902E /* Classes */,
				349F5F372887E49000EF902E /* ViewControllers */,
				3490407428869ABA0006AB74 /* Helpers */,
				3490406628858EC30006AB74 /* Main.storyboard */,
				3490406928858EC60006AB74 /* Assets.xcassets */,
				3490406B28858EC60006AB74 /* LaunchScreen.storyboard */,
				3490406E28858EC60006AB74 /* Info.plist */,
				344BB048288A7F8400DF88FD /* GoogleService-Info.plist */,
			);
			path = UIKitForDesignCode;
			sourceTree = "<group>";
		};
		3490407428869ABA0006AB74 /* Helpers */ = {
			isa = PBXGroup;
			children = (
				3490407528869ABA0006AB74 /* CustomBlurView.swift */,
				3490407628869ABA0006AB74 /* CustomUIView.swift */,
				3490407728869ABA0006AB74 /* Font.swift */,
				3490407828869ABA0006AB74 /* CustomImageView.swift */,
				34EDBDE428893A20005C6F1A /* CustomTabBarViewController.swift */,
			);
			path = Helpers;
			sourceTree = "<group>";
		};
		349F5F372887E49000EF902E /* ViewControllers */ = {
			isa = PBXGroup;
			children = (
				3490406428858EC30006AB74 /* FeatureViewController.swift */,
				344BB04A288A881A00DF88FD /* LoginViewController.swift */,
				34EDBDE828894949005C6F1A /* ExploreViewController.swift */,
				34203BB028880CEF00BD97A8 /* CoursesViewController.swift */,
				344BB04C288AA47300DF88FD /* LibraryViewController.swift */,
				344BB04E288AA48200DF88FD /* NotificationsViewController.swift */,
			);
			path = ViewControllers;
			sourceTree = "<group>";
		};
		349F5F382887E49B00EF902E /* Classes */ = {
			isa = PBXGroup;
			children = (
				34EE05F62887E0AB007B265E /* Course.swift */,
				34203BB228880F5900BD97A8 /* Section.swift */,
				34EDBDEC28895592005C6F1A /* Topics.swift */,
				34B7C67C288AC9FB009CADFB /* Notification.swift */,
			);
			path = Classes;
			sourceTree = "<group>";
		};
		349F5F392887E4A300EF902E /* Cells */ = {
			isa = PBXGroup;
			children = (
				3490407D2886E52E0006AB74 /* HandbookCollectionViewCell.swift */,
				34EDBDEA288954D1005C6F1A /* TopicTableViewCell.swift */,
				34203BAE2888001100BD97A8 /* CoursesTableViewCell.swift */,
				34203BB428883CF200BD97A8 /* SectionTableViewCell.swift */,
				34EDBDE628894839005C6F1A /* SectionsCollectionViewCell.swift */,
				34B7C67A288AC73D009CADFB /* NotificationTableViewCell.swift */,
			);
			path = Cells;
			sourceTree = "<group>";
		};
		34B7C67E288AD7AB009CADFB /* Frameworks */ = {
			isa = PBXGroup;
			children = (
			);
			name = Frameworks;
			sourceTree = "<group>";
		};
/* End PBXGroup section */

/* Begin PBXNativeTarget section */
		3490405C28858EC30006AB74 /* UIKitForDesignCode */ = {
			isa = PBXNativeTarget;
			buildConfigurationList = 3490407128858EC60006AB74 /* Build configuration list for PBXNativeTarget "UIKitForDesignCode" */;
			buildPhases = (
				3490405928858EC30006AB74 /* Sources */,
				3490405A28858EC30006AB74 /* Frameworks */,
				3490405B28858EC30006AB74 /* Resources */,
			);
			buildRules = (
			);
			dependencies = (
			);
			name = UIKitForDesignCode;
			packageProductDependencies = (
				344BB044288A7F1800DF88FD /* FirebaseAuth */,
				344BB046288A7F1800DF88FD /* FirebaseFirestore */,
				34B7C67F288AD7AB009CADFB /* FirebaseFirestoreSwift */,
			);
			productName = UIKitForDesignCode;
			productReference = 3490405D28858EC30006AB74 /* UIKitForDesignCode.app */;
			productType = "com.apple.product-type.application";
		};
/* End PBXNativeTarget section */

/* Begin PBXProject section */
		3490405528858EC30006AB74 /* Project object */ = {
			isa = PBXProject;
			attributes = {
				BuildIndependentTargetsInParallel = 1;
				LastSwiftUpdateCheck = 1340;
				LastUpgradeCheck = 1340;
				TargetAttributes = {
					3490405C28858EC30006AB74 = {
						CreatedOnToolsVersion = 13.4.1;
					};
				};
			};
			buildConfigurationList = 3490405828858EC30006AB74 /* Build configuration list for PBXProject "UIKitForDesignCode" */;
			compatibilityVersion = "Xcode 13.0";
			developmentRegion = en;
			hasScannedForEncodings = 0;
			knownRegions = (
				en,
				Base,
			);
			mainGroup = 3490405428858EC30006AB74;
			packageReferences = (
				344BB043288A7F1800DF88FD /* XCRemoteSwiftPackageReference "firebase-ios-sdk" */,
			);
			productRefGroup = 3490405E28858EC30006AB74 /* Products */;
			projectDirPath = "";
			projectRoot = "";
			targets = (
				3490405C28858EC30006AB74 /* UIKitForDesignCode */,
			);
		};
/* End PBXProject section */

/* Begin PBXResourcesBuildPhase section */
		3490405B28858EC30006AB74 /* Resources */ = {
			isa = PBXResourcesBuildPhase;
			buildActionMask = 2147483647;
			files = (
				3490406D28858EC60006AB74 /* LaunchScreen.storyboard in Resources */,
				344BB049288A7F8500DF88FD /* GoogleService-Info.plist in Resources */,
				3490406A28858EC60006AB74 /* Assets.xcassets in Resources */,
				3490406828858EC30006AB74 /* Main.storyboard in Resources */,
			);
			runOnlyForDeploymentPostprocessing = 0;
		};
/* End PBXResourcesBuildPhase section */

/* Begin PBXSourcesBuildPhase section */
		3490405928858EC30006AB74 /* Sources */ = {
			isa = PBXSourcesBuildPhase;
			buildActionMask = 2147483647;
			files = (
				34EE05F72887E0AB007B265E /* Course.swift in Sources */,
				34B7C67B288AC73D009CADFB /* NotificationTableViewCell.swift in Sources */,
				3490407E2886E52E0006AB74 /* HandbookCollectionViewCell.swift in Sources */,
				34203BB128880CEF00BD97A8 /* CoursesViewController.swift in Sources */,
				34203BB528883CF200BD97A8 /* SectionTableViewCell.swift in Sources */,
				344BB04B288A881A00DF88FD /* LoginViewController.swift in Sources */,
				34EDBDE928894949005C6F1A /* ExploreViewController.swift in Sources */,
				344BB04D288AA47300DF88FD /* LibraryViewController.swift in Sources */,
				344BB057288ABF0600DF88FD /* FlipView.swift in Sources */,
				34EDBDEB288954D1005C6F1A /* TopicTableViewCell.swift in Sources */,
				34EDBDE528893A20005C6F1A /* CustomTabBarViewController.swift in Sources */,
				3490406528858EC30006AB74 /* FeatureViewController.swift in Sources */,
				3490407A28869ABA0006AB74 /* CustomUIView.swift in Sources */,
				34EDBDED28895592005C6F1A /* Topics.swift in Sources */,
				344BB04F288AA48200DF88FD /* NotificationsViewController.swift in Sources */,
				344BB058288ABF0600DF88FD /* CertificateView.swift in Sources */,
				3490407B28869ABA0006AB74 /* Font.swift in Sources */,
				3490407C28869ABA0006AB74 /* CustomImageView.swift in Sources */,
				3490406128858EC30006AB74 /* AppDelegate.swift in Sources */,
				3490407928869ABA0006AB74 /* CustomBlurView.swift in Sources */,
				34B7C67D288AC9FB009CADFB /* Notification.swift in Sources */,
				34203BB328880F5900BD97A8 /* Section.swift in Sources */,
				344BB056288ABF0600DF88FD /* CertificateItem.swift in Sources */,
				34203BAF2888001100BD97A8 /* CoursesTableViewCell.swift in Sources */,
				34EDBDE728894839005C6F1A /* SectionsCollectionViewCell.swift in Sources */,
				3490406328858EC30006AB74 /* SceneDelegate.swift in Sources */,
			);
			runOnlyForDeploymentPostprocessing = 0;
		};
/* End PBXSourcesBuildPhase section */

/* Begin PBXVariantGroup section */
		3490406628858EC30006AB74 /* Main.storyboard */ = {
			isa = PBXVariantGroup;
			children = (
				3490406728858EC30006AB74 /* Base */,
			);
			name = Main.storyboard;
			sourceTree = "<group>";
		};
		3490406B28858EC60006AB74 /* LaunchScreen.storyboard */ = {
			isa = PBXVariantGroup;
			children = (
				3490406C28858EC60006AB74 /* Base */,
			);
			name = LaunchScreen.storyboard;
			sourceTree = "<group>";
		};
/* End PBXVariantGroup section */

/* Begin XCBuildConfiguration section */
		3490406F28858EC60006AB74 /* Debug */ = {
			isa = XCBuildConfiguration;
			buildSettings = {
				ALWAYS_SEARCH_USER_PATHS = NO;
				CLANG_ANALYZER_NONNULL = YES;
				CLANG_ANALYZER_NUMBER_OBJECT_CONVERSION = YES_AGGRESSIVE;
				CLANG_CXX_LANGUAGE_STANDARD = "gnu++17";
				CLANG_ENABLE_MODULES = YES;
				CLANG_ENABLE_OBJC_ARC = YES;
				CLANG_ENABLE_OBJC_WEAK = YES;
				CLANG_WARN_BLOCK_CAPTURE_AUTORELEASING = YES;
				CLANG_WARN_BOOL_CONVERSION = YES;
				CLANG_WARN_COMMA = YES;
				CLANG_WARN_CONSTANT_CONVERSION = YES;
				CLANG_WARN_DEPRECATED_OBJC_IMPLEMENTATIONS = YES;
				CLANG_WARN_DIRECT_OBJC_ISA_USAGE = YES_ERROR;
				CLANG_WARN_DOCUMENTATION_COMMENTS = YES;
				CLANG_WARN_EMPTY_BODY = YES;
				CLANG_WARN_ENUM_CONVERSION = YES;
				CLANG_WARN_INFINITE_RECURSION = YES;
				CLANG_WARN_INT_CONVERSION = YES;
				CLANG_WARN_NON_LITERAL_NULL_CONVERSION = YES;
				CLANG_WARN_OBJC_IMPLICIT_RETAIN_SELF = YES;
				CLANG_WARN_OBJC_LITERAL_CONVERSION = YES;
				CLANG_WARN_OBJC_ROOT_CLASS = YES_ERROR;
				CLANG_WARN_QUOTED_INCLUDE_IN_FRAMEWORK_HEADER = YES;
				CLANG_WARN_RANGE_LOOP_ANALYSIS = YES;
				CLANG_WARN_STRICT_PROTOTYPES = YES;
				CLANG_WARN_SUSPICIOUS_MOVE = YES;
				CLANG_WARN_UNGUARDED_AVAILABILITY = YES_AGGRESSIVE;
				CLANG_WARN_UNREACHABLE_CODE = YES;
				CLANG_WARN__DUPLICATE_METHOD_MATCH = YES;
				COPY_PHASE_STRIP = NO;
				DEBUG_INFORMATION_FORMAT = dwarf;
				ENABLE_STRICT_OBJC_MSGSEND = YES;
				ENABLE_TESTABILITY = YES;
				GCC_C_LANGUAGE_STANDARD = gnu11;
				GCC_DYNAMIC_NO_PIC = NO;
				GCC_NO_COMMON_BLOCKS = YES;
				GCC_OPTIMIZATION_LEVEL = 0;
				GCC_PREPROCESSOR_DEFINITIONS = (
					"DEBUG=1",
					"$(inherited)",
				);
				GCC_WARN_64_TO_32_BIT_CONVERSION = YES;
				GCC_WARN_ABOUT_RETURN_TYPE = YES_ERROR;
				GCC_WARN_UNDECLARED_SELECTOR = YES;
				GCC_WARN_UNINITIALIZED_AUTOS = YES_AGGRESSIVE;
				GCC_WARN_UNUSED_FUNCTION = YES;
				GCC_WARN_UNUSED_VARIABLE = YES;
				IPHONEOS_DEPLOYMENT_TARGET = 15.5;
				MTL_ENABLE_DEBUG_INFO = INCLUDE_SOURCE;
				MTL_FAST_MATH = YES;
				ONLY_ACTIVE_ARCH = YES;
				SDKROOT = iphoneos;
				SWIFT_ACTIVE_COMPILATION_CONDITIONS = DEBUG;
				SWIFT_OPTIMIZATION_LEVEL = "-Onone";
			};
			name = Debug;
		};
		3490407028858EC60006AB74 /* Release */ = {
			isa = XCBuildConfiguration;
			buildSettings = {
				ALWAYS_SEARCH_USER_PATHS = NO;
				CLANG_ANALYZER_NONNULL = YES;
				CLANG_ANALYZER_NUMBER_OBJECT_CONVERSION = YES_AGGRESSIVE;
				CLANG_CXX_LANGUAGE_STANDARD = "gnu++17";
				CLANG_ENABLE_MODULES = YES;
				CLANG_ENABLE_OBJC_ARC = YES;
				CLANG_ENABLE_OBJC_WEAK = YES;
				CLANG_WARN_BLOCK_CAPTURE_AUTORELEASING = YES;
				CLANG_WARN_BOOL_CONVERSION = YES;
				CLANG_WARN_COMMA = YES;
				CLANG_WARN_CONSTANT_CONVERSION = YES;
				CLANG_WARN_DEPRECATED_OBJC_IMPLEMENTATIONS = YES;
				CLANG_WARN_DIRECT_OBJC_ISA_USAGE = YES_ERROR;
				CLANG_WARN_DOCUMENTATION_COMMENTS = YES;
				CLANG_WARN_EMPTY_BODY = YES;
				CLANG_WARN_ENUM_CONVERSION = YES;
				CLANG_WARN_INFINITE_RECURSION = YES;
				CLANG_WARN_INT_CONVERSION = YES;
				CLANG_WARN_NON_LITERAL_NULL_CONVERSION = YES;
				CLANG_WARN_OBJC_IMPLICIT_RETAIN_SELF = YES;
				CLANG_WARN_OBJC_LITERAL_CONVERSION = YES;
				CLANG_WARN_OBJC_ROOT_CLASS = YES_ERROR;
				CLANG_WARN_QUOTED_INCLUDE_IN_FRAMEWORK_HEADER = YES;
				CLANG_WARN_RANGE_LOOP_ANALYSIS = YES;
				CLANG_WARN_STRICT_PROTOTYPES = YES;
				CLANG_WARN_SUSPICIOUS_MOVE = YES;
				CLANG_WARN_UNGUARDED_AVAILABILITY = YES_AGGRESSIVE;
				CLANG_WARN_UNREACHABLE_CODE = YES;
				CLANG_WARN__DUPLICATE_METHOD_MATCH = YES;
				COPY_PHASE_STRIP = NO;
				DEBUG_INFORMATION_FORMAT = "dwarf-with-dsym";
				ENABLE_NS_ASSERTIONS = NO;
				ENABLE_STRICT_OBJC_MSGSEND = YES;
				GCC_C_LANGUAGE_STANDARD = gnu11;
				GCC_NO_COMMON_BLOCKS = YES;
				GCC_WARN_64_TO_32_BIT_CONVERSION = YES;
				GCC_WARN_ABOUT_RETURN_TYPE = YES_ERROR;
				GCC_WARN_UNDECLARED_SELECTOR = YES;
				GCC_WARN_UNINITIALIZED_AUTOS = YES_AGGRESSIVE;
				GCC_WARN_UNUSED_FUNCTION = YES;
				GCC_WARN_UNUSED_VARIABLE = YES;
				IPHONEOS_DEPLOYMENT_TARGET = 15.5;
				MTL_ENABLE_DEBUG_INFO = NO;
				MTL_FAST_MATH = YES;
				SDKROOT = iphoneos;
				SWIFT_COMPILATION_MODE = wholemodule;
				SWIFT_OPTIMIZATION_LEVEL = "-O";
				VALIDATE_PRODUCT = YES;
			};
			name = Release;
		};
		3490407228858EC60006AB74 /* Debug */ = {
			isa = XCBuildConfiguration;
			buildSettings = {
				ASSETCATALOG_COMPILER_APPICON_NAME = AppIcon;
				ASSETCATALOG_COMPILER_GLOBAL_ACCENT_COLOR_NAME = AccentColor;
				CODE_SIGN_STYLE = Automatic;
				CURRENT_PROJECT_VERSION = 1;
				DEVELOPMENT_TEAM = KJ39KMP96U;
				GENERATE_INFOPLIST_FILE = YES;
				INFOPLIST_FILE = UIKitForDesignCode/Info.plist;
				INFOPLIST_KEY_UIApplicationSupportsIndirectInputEvents = YES;
				INFOPLIST_KEY_UILaunchStoryboardName = LaunchScreen;
				INFOPLIST_KEY_UIMainStoryboardFile = Main;
				INFOPLIST_KEY_UISupportedInterfaceOrientations_iPad = "UIInterfaceOrientationPortrait UIInterfaceOrientationPortraitUpsideDown UIInterfaceOrientationLandscapeLeft UIInterfaceOrientationLandscapeRight";
				INFOPLIST_KEY_UISupportedInterfaceOrientations_iPhone = "UIInterfaceOrientationPortrait UIInterfaceOrientationLandscapeLeft UIInterfaceOrientationLandscapeRight";
				LD_RUNPATH_SEARCH_PATHS = (
					"$(inherited)",
					"@executable_path/Frameworks",
				);
				MARKETING_VERSION = 1.0;
				PRODUCT_BUNDLE_IDENTIFIER = com.pengzhixin.UIKitForDesignCode;
				PRODUCT_NAME = "$(TARGET_NAME)";
				SWIFT_EMIT_LOC_STRINGS = YES;
				SWIFT_VERSION = 5.0;
				TARGETED_DEVICE_FAMILY = "1,2";
			};
			name = Debug;
		};
		3490407328858EC60006AB74 /* Release */ = {
			isa = XCBuildConfiguration;
			buildSettings = {
				ASSETCATALOG_COMPILER_APPICON_NAME = AppIcon;
				ASSETCATALOG_COMPILER_GLOBAL_ACCENT_COLOR_NAME = AccentColor;
				CODE_SIGN_STYLE = Automatic;
				CURRENT_PROJECT_VERSION = 1;
				DEVELOPMENT_TEAM = KJ39KMP96U;
				GENERATE_INFOPLIST_FILE = YES;
				INFOPLIST_FILE = UIKitForDesignCode/Info.plist;
				INFOPLIST_KEY_UIApplicationSupportsIndirectInputEvents = YES;
				INFOPLIST_KEY_UILaunchStoryboardName = LaunchScreen;
				INFOPLIST_KEY_UIMainStoryboardFile = Main;
				INFOPLIST_KEY_UISupportedInterfaceOrientations_iPad = "UIInterfaceOrientationPortrait UIInterfaceOrientationPortraitUpsideDown UIInterfaceOrientationLandscapeLeft UIInterfaceOrientationLandscapeRight";
				INFOPLIST_KEY_UISupportedInterfaceOrientations_iPhone = "UIInterfaceOrientationPortrait UIInterfaceOrientationLandscapeLeft UIInterfaceOrientationLandscapeRight";
				LD_RUNPATH_SEARCH_PATHS = (
					"$(inherited)",
					"@executable_path/Frameworks",
				);
				MARKETING_VERSION = 1.0;
				PRODUCT_BUNDLE_IDENTIFIER = com.pengzhixin.UIKitForDesignCode;
				PRODUCT_NAME = "$(TARGET_NAME)";
				SWIFT_EMIT_LOC_STRINGS = YES;
				SWIFT_VERSION = 5.0;
				TARGETED_DEVICE_FAMILY = "1,2";
			};
			name = Release;
		};
/* End XCBuildConfiguration section */

/* Begin XCConfigurationList section */
		3490405828858EC30006AB74 /* Build configuration list for PBXProject "UIKitForDesignCode" */ = {
			isa = XCConfigurationList;
			buildConfigurations = (
				3490406F28858EC60006AB74 /* Debug */,
				3490407028858EC60006AB74 /* Release */,
			);
			defaultConfigurationIsVisible = 0;
			defaultConfigurationName = Release;
		};
		3490407128858EC60006AB74 /* Build configuration list for PBXNativeTarget "UIKitForDesignCode" */ = {
			isa = XCConfigurationList;
			buildConfigurations = (
				3490407228858EC60006AB74 /* Debug */,
				3490407328858EC60006AB74 /* Release */,
			);
			defaultConfigurationIsVisible = 0;
			defaultConfigurationName = Release;
		};
/* End XCConfigurationList section */

/* Begin XCRemoteSwiftPackageReference section */
		344BB043288A7F1800DF88FD /* XCRemoteSwiftPackageReference "firebase-ios-sdk" */ = {
			isa = XCRemoteSwiftPackageReference;
			repositoryURL = "https://github.com/firebase/firebase-ios-sdk";
			requirement = {
				kind = upToNextMajorVersion;
				minimumVersion = 9.0.0;
			};
		};
/* End XCRemoteSwiftPackageReference section */

/* Begin XCSwiftPackageProductDependency section */
		344BB044288A7F1800DF88FD /* FirebaseAuth */ = {
			isa = XCSwiftPackageProductDependency;
			package = 344BB043288A7F1800DF88FD /* XCRemoteSwiftPackageReference "firebase-ios-sdk" */;
			productName = FirebaseAuth;
		};
		344BB046288A7F1800DF88FD /* FirebaseFirestore */ = {
			isa = XCSwiftPackageProductDependency;
			package = 344BB043288A7F1800DF88FD /* XCRemoteSwiftPackageReference "firebase-ios-sdk" */;
			productName = FirebaseFirestore;
		};
		34B7C67F288AD7AB009CADFB /* FirebaseFirestoreSwift */ = {
			isa = XCSwiftPackageProductDependency;
			package = 344BB043288A7F1800DF88FD /* XCRemoteSwiftPackageReference "firebase-ios-sdk" */;
			productName = FirebaseFirestoreSwift;
		};
/* End XCSwiftPackageProductDependency section */
	};
	rootObject = 3490405528858EC30006AB74 /* Project object */;
}
